// !$*UTF8*$!
{
	archiveVersion = 1;
	classes = {
	};
	objectVersion = 48;
	objects = {

/* Begin PBXBuildFile section */
		571307631F90321D0027CE2A /* AppDelegate.swift in Sources */ = {isa = PBXBuildFile; fileRef = 571307621F90321D0027CE2A /* AppDelegate.swift */; };
		571307651F90321D0027CE2A /* GameVC.swift in Sources */ = {isa = PBXBuildFile; fileRef = 571307641F90321D0027CE2A /* GameVC.swift */; };
		571307681F90321D0027CE2A /* Main.storyboard in Resources */ = {isa = PBXBuildFile; fileRef = 571307661F90321D0027CE2A /* Main.storyboard */; };
		5713076B1F90321D0027CE2A /* Chess.xcdatamodeld in Sources */ = {isa = PBXBuildFile; fileRef = 571307691F90321D0027CE2A /* Chess.xcdatamodeld */; };
		5713076D1F90321D0027CE2A /* Assets.xcassets in Resources */ = {isa = PBXBuildFile; fileRef = 5713076C1F90321D0027CE2A /* Assets.xcassets */; };
		571307701F90321D0027CE2A /* LaunchScreen.storyboard in Resources */ = {isa = PBXBuildFile; fileRef = 5713076E1F90321D0027CE2A /* LaunchScreen.storyboard */; };
		5713077B1F90321D0027CE2A /* ChessTests.swift in Sources */ = {isa = PBXBuildFile; fileRef = 5713077A1F90321D0027CE2A /* ChessTests.swift */; };
		571307931F9034F90027CE2A /* Chessboard.swift in Sources */ = {isa = PBXBuildFile; fileRef = 571307921F9034F90027CE2A /* Chessboard.swift */; };
		571307951F9182870027CE2A /* Square.swift in Sources */ = {isa = PBXBuildFile; fileRef = 571307941F9182870027CE2A /* Square.swift */; };
		571307971F91898C0027CE2A /* ChessPiece.swift in Sources */ = {isa = PBXBuildFile; fileRef = 571307961F91898C0027CE2A /* ChessPiece.swift */; };
		572357261FD7924600D959E3 /* Settings.swift in Sources */ = {isa = PBXBuildFile; fileRef = 572357251FD7924500D959E3 /* Settings.swift */; };
		572357291FD7A0D100D959E3 /* SettingHighlightCell.swift in Sources */ = {isa = PBXBuildFile; fileRef = 572357271FD7A0D100D959E3 /* SettingHighlightCell.swift */; };
		5723572A1FD7A0D100D959E3 /* SettingHighlightCell.xib in Resources */ = {isa = PBXBuildFile; fileRef = 572357281FD7A0D100D959E3 /* SettingHighlightCell.xib */; };
		577E3A8A1FB6798400EA08B8 /* WelcomeVC.swift in Sources */ = {isa = PBXBuildFile; fileRef = 577E3A891FB6798400EA08B8 /* WelcomeVC.swift */; };
		578301A21FD8DE4E007F2BA1 /* SettingsBoardColorCell.swift in Sources */ = {isa = PBXBuildFile; fileRef = 578301A01FD8DE4E007F2BA1 /* SettingsBoardColorCell.swift */; };
		578301A31FD8DE4E007F2BA1 /* SettingsBoardColorCell.xib in Resources */ = {isa = PBXBuildFile; fileRef = 578301A11FD8DE4E007F2BA1 /* SettingsBoardColorCell.xib */; };
		57C646641FCD106B00766805 /* SettingsVC.swift in Sources */ = {isa = PBXBuildFile; fileRef = 57C646631FCD106B00766805 /* SettingsVC.swift */; };
		57F30A3F1FBBC2C7008463DA /* NotationVC.swift in Sources */ = {isa = PBXBuildFile; fileRef = 57F30A3E1FBBC2C7008463DA /* NotationVC.swift */; };
		57F30A431FBBCC8E008463DA /* NotationCell.swift in Sources */ = {isa = PBXBuildFile; fileRef = 57F30A411FBBCC8E008463DA /* NotationCell.swift */; };
		57F30A441FBBCC8E008463DA /* NotationCell.xib in Resources */ = {isa = PBXBuildFile; fileRef = 57F30A421FBBCC8E008463DA /* NotationCell.xib */; };
/* End PBXBuildFile section */

/* Begin PBXContainerItemProxy section */
		571307771F90321D0027CE2A /* PBXContainerItemProxy */ = {
			isa = PBXContainerItemProxy;
			containerPortal = 571307571F90321D0027CE2A /* Project object */;
			proxyType = 1;
			remoteGlobalIDString = 5713075E1F90321D0027CE2A;
			remoteInfo = Chess;
		};
/* End PBXContainerItemProxy section */

/* Begin PBXFileReference section */
		5713075F1F90321D0027CE2A /* Chess.app */ = {isa = PBXFileReference; explicitFileType = wrapper.application; includeInIndex = 0; path = Chess.app; sourceTree = BUILT_PRODUCTS_DIR; };
		571307621F90321D0027CE2A /* AppDelegate.swift */ = {isa = PBXFileReference; lastKnownFileType = sourcecode.swift; path = AppDelegate.swift; sourceTree = "<group>"; };
		571307641F90321D0027CE2A /* GameVC.swift */ = {isa = PBXFileReference; lastKnownFileType = sourcecode.swift; path = GameVC.swift; sourceTree = "<group>"; };
		571307671F90321D0027CE2A /* Base */ = {isa = PBXFileReference; lastKnownFileType = file.storyboard; name = Base; path = Base.lproj/Main.storyboard; sourceTree = "<group>"; };
		5713076A1F90321D0027CE2A /* Chess.xcdatamodel */ = {isa = PBXFileReference; lastKnownFileType = wrapper.xcdatamodel; path = Chess.xcdatamodel; sourceTree = "<group>"; };
		5713076C1F90321D0027CE2A /* Assets.xcassets */ = {isa = PBXFileReference; lastKnownFileType = folder.assetcatalog; path = Assets.xcassets; sourceTree = "<group>"; };
		5713076F1F90321D0027CE2A /* Base */ = {isa = PBXFileReference; lastKnownFileType = file.storyboard; name = Base; path = Base.lproj/LaunchScreen.storyboard; sourceTree = "<group>"; };
		571307711F90321D0027CE2A /* Info.plist */ = {isa = PBXFileReference; lastKnownFileType = text.plist.xml; path = Info.plist; sourceTree = "<group>"; };
		571307761F90321D0027CE2A /* ChessTests.xctest */ = {isa = PBXFileReference; explicitFileType = wrapper.cfbundle; includeInIndex = 0; path = ChessTests.xctest; sourceTree = BUILT_PRODUCTS_DIR; };
		5713077A1F90321D0027CE2A /* ChessTests.swift */ = {isa = PBXFileReference; lastKnownFileType = sourcecode.swift; path = ChessTests.swift; sourceTree = "<group>"; };
		5713077C1F90321D0027CE2A /* Info.plist */ = {isa = PBXFileReference; lastKnownFileType = text.plist.xml; path = Info.plist; sourceTree = "<group>"; };
		571307921F9034F90027CE2A /* Chessboard.swift */ = {isa = PBXFileReference; lastKnownFileType = sourcecode.swift; path = Chessboard.swift; sourceTree = "<group>"; };
		571307941F9182870027CE2A /* Square.swift */ = {isa = PBXFileReference; lastKnownFileType = sourcecode.swift; path = Square.swift; sourceTree = "<group>"; };
		571307961F91898C0027CE2A /* ChessPiece.swift */ = {isa = PBXFileReference; lastKnownFileType = sourcecode.swift; path = ChessPiece.swift; sourceTree = "<group>"; };
		572357251FD7924500D959E3 /* Settings.swift */ = {isa = PBXFileReference; lastKnownFileType = sourcecode.swift; path = Settings.swift; sourceTree = "<group>"; };
		572357271FD7A0D100D959E3 /* SettingHighlightCell.swift */ = {isa = PBXFileReference; lastKnownFileType = sourcecode.swift; path = SettingHighlightCell.swift; sourceTree = "<group>"; };
		572357281FD7A0D100D959E3 /* SettingHighlightCell.xib */ = {isa = PBXFileReference; lastKnownFileType = file.xib; path = SettingHighlightCell.xib; sourceTree = "<group>"; };
		577E3A891FB6798400EA08B8 /* WelcomeVC.swift */ = {isa = PBXFileReference; lastKnownFileType = sourcecode.swift; path = WelcomeVC.swift; sourceTree = "<group>"; };
		578301A01FD8DE4E007F2BA1 /* SettingsBoardColorCell.swift */ = {isa = PBXFileReference; lastKnownFileType = sourcecode.swift; path = SettingsBoardColorCell.swift; sourceTree = "<group>"; };
		578301A11FD8DE4E007F2BA1 /* SettingsBoardColorCell.xib */ = {isa = PBXFileReference; lastKnownFileType = file.xib; path = SettingsBoardColorCell.xib; sourceTree = "<group>"; };
		57C646631FCD106B00766805 /* SettingsVC.swift */ = {isa = PBXFileReference; lastKnownFileType = sourcecode.swift; path = SettingsVC.swift; sourceTree = "<group>"; };
		57F30A3E1FBBC2C7008463DA /* NotationVC.swift */ = {isa = PBXFileReference; lastKnownFileType = sourcecode.swift; path = NotationVC.swift; sourceTree = "<group>"; };
		57F30A411FBBCC8E008463DA /* NotationCell.swift */ = {isa = PBXFileReference; lastKnownFileType = sourcecode.swift; path = NotationCell.swift; sourceTree = "<group>"; };
		57F30A421FBBCC8E008463DA /* NotationCell.xib */ = {isa = PBXFileReference; lastKnownFileType = file.xib; path = NotationCell.xib; sourceTree = "<group>"; };
/* End PBXFileReference section */

/* Begin PBXFrameworksBuildPhase section */
		5713075C1F90321D0027CE2A /* Frameworks */ = {
			isa = PBXFrameworksBuildPhase;
			buildActionMask = 2147483647;
			files = (
			);
			runOnlyForDeploymentPostprocessing = 0;
		};
		571307731F90321D0027CE2A /* Frameworks */ = {
			isa = PBXFrameworksBuildPhase;
			buildActionMask = 2147483647;
			files = (
			);
			runOnlyForDeploymentPostprocessing = 0;
		};
/* End PBXFrameworksBuildPhase section */

/* Begin PBXGroup section */
		571307561F90321D0027CE2A = {
			isa = PBXGroup;
			children = (
				571307611F90321D0027CE2A /* Chess */,
				571307791F90321D0027CE2A /* ChessTests */,
				571307601F90321D0027CE2A /* Products */,
			);
			sourceTree = "<group>";
		};
		571307601F90321D0027CE2A /* Products */ = {
			isa = PBXGroup;
			children = (
				5713075F1F90321D0027CE2A /* Chess.app */,
				571307761F90321D0027CE2A /* ChessTests.xctest */,
			);
			name = Products;
			sourceTree = "<group>";
		};
		571307611F90321D0027CE2A /* Chess */ = {
			isa = PBXGroup;
			children = (
				57F30A401FBBCBC6008463DA /* Controller */,
				572808051FA7DDFE00C0E47A /* View */,
				571307911F9034CA0027CE2A /* Model */,
				571307621F90321D0027CE2A /* AppDelegate.swift */,
				571307661F90321D0027CE2A /* Main.storyboard */,
				5713076C1F90321D0027CE2A /* Assets.xcassets */,
				5713076E1F90321D0027CE2A /* LaunchScreen.storyboard */,
				571307711F90321D0027CE2A /* Info.plist */,
				571307691F90321D0027CE2A /* Chess.xcdatamodeld */,
			);
			path = Chess;
			sourceTree = "<group>";
		};
		571307791F90321D0027CE2A /* ChessTests */ = {
			isa = PBXGroup;
			children = (
				5713077A1F90321D0027CE2A /* ChessTests.swift */,
				5713077C1F90321D0027CE2A /* Info.plist */,
			);
			path = ChessTests;
			sourceTree = "<group>";
		};
		571307911F9034CA0027CE2A /* Model */ = {
			isa = PBXGroup;
			children = (
				571307961F91898C0027CE2A /* ChessPiece.swift */,
				572357251FD7924500D959E3 /* Settings.swift */,
				571307941F9182870027CE2A /* Square.swift */,
			);
			path = Model;
			sourceTree = "<group>";
		};
		572808051FA7DDFE00C0E47A /* View */ = {
			isa = PBXGroup;
			children = (
				571307921F9034F90027CE2A /* Chessboard.swift */,
				57F30A411FBBCC8E008463DA /* NotationCell.swift */,
				57F30A421FBBCC8E008463DA /* NotationCell.xib */,
				572357271FD7A0D100D959E3 /* SettingHighlightCell.swift */,
				572357281FD7A0D100D959E3 /* SettingHighlightCell.xib */,
				578301A01FD8DE4E007F2BA1 /* SettingsBoardColorCell.swift */,
				578301A11FD8DE4E007F2BA1 /* SettingsBoardColorCell.xib */,
			);
			path = View;
			sourceTree = "<group>";
		};
		57F30A401FBBCBC6008463DA /* Controller */ = {
			isa = PBXGroup;
			children = (
				577E3A891FB6798400EA08B8 /* WelcomeVC.swift */,
				57F30A3E1FBBC2C7008463DA /* NotationVC.swift */,
				571307641F90321D0027CE2A /* GameVC.swift */,
				57C646631FCD106B00766805 /* SettingsVC.swift */,
			);
			path = Controller;
			sourceTree = "<group>";
		};
/* End PBXGroup section */

/* Begin PBXNativeTarget section */
		5713075E1F90321D0027CE2A /* Chess */ = {
			isa = PBXNativeTarget;
			buildConfigurationList = 5713077F1F90321D0027CE2A /* Build configuration list for PBXNativeTarget "Chess" */;
			buildPhases = (
				5713075B1F90321D0027CE2A /* Sources */,
				5713075C1F90321D0027CE2A /* Frameworks */,
				5713075D1F90321D0027CE2A /* Resources */,
			);
			buildRules = (
			);
			dependencies = (
			);
			name = Chess;
			productName = Chess;
			productReference = 5713075F1F90321D0027CE2A /* Chess.app */;
			productType = "com.apple.product-type.application";
		};
		571307751F90321D0027CE2A /* ChessTests */ = {
			isa = PBXNativeTarget;
			buildConfigurationList = 571307821F90321D0027CE2A /* Build configuration list for PBXNativeTarget "ChessTests" */;
			buildPhases = (
				571307721F90321D0027CE2A /* Sources */,
				571307731F90321D0027CE2A /* Frameworks */,
				571307741F90321D0027CE2A /* Resources */,
			);
			buildRules = (
			);
			dependencies = (
				571307781F90321D0027CE2A /* PBXTargetDependency */,
			);
			name = ChessTests;
			productName = ChessTests;
			productReference = 571307761F90321D0027CE2A /* ChessTests.xctest */;
			productType = "com.apple.product-type.bundle.unit-test";
		};
/* End PBXNativeTarget section */

/* Begin PBXProject section */
		571307571F90321D0027CE2A /* Project object */ = {
			isa = PBXProject;
			attributes = {
				LastSwiftUpdateCheck = 0900;
				LastUpgradeCheck = 0900;
				ORGANIZATIONNAME = vDub;
				TargetAttributes = {
					5713075E1F90321D0027CE2A = {
						CreatedOnToolsVersion = 9.0;
						ProvisioningStyle = Automatic;
					};
					571307751F90321D0027CE2A = {
						CreatedOnToolsVersion = 9.0;
						ProvisioningStyle = Automatic;
						TestTargetID = 5713075E1F90321D0027CE2A;
					};
				};
			};
			buildConfigurationList = 5713075A1F90321D0027CE2A /* Build configuration list for PBXProject "Chess" */;
			compatibilityVersion = "Xcode 8.0";
			developmentRegion = en;
			hasScannedForEncodings = 0;
			knownRegions = (
				en,
				Base,
			);
			mainGroup = 571307561F90321D0027CE2A;
			productRefGroup = 571307601F90321D0027CE2A /* Products */;
			projectDirPath = "";
			projectRoot = "";
			targets = (
				5713075E1F90321D0027CE2A /* Chess */,
				571307751F90321D0027CE2A /* ChessTests */,
			);
		};
/* End PBXProject section */

/* Begin PBXResourcesBuildPhase section */
		5713075D1F90321D0027CE2A /* Resources */ = {
			isa = PBXResourcesBuildPhase;
			buildActionMask = 2147483647;
			files = (
				571307701F90321D0027CE2A /* LaunchScreen.storyboard in Resources */,
				578301A31FD8DE4E007F2BA1 /* SettingsBoardColorCell.xib in Resources */,
				5723572A1FD7A0D100D959E3 /* SettingHighlightCell.xib in Resources */,
				57F30A441FBBCC8E008463DA /* NotationCell.xib in Resources */,
				5713076D1F90321D0027CE2A /* Assets.xcassets in Resources */,
				571307681F90321D0027CE2A /* Main.storyboard in Resources */,
			);
			runOnlyForDeploymentPostprocessing = 0;
		};
		571307741F90321D0027CE2A /* Resources */ = {
			isa = PBXResourcesBuildPhase;
			buildActionMask = 2147483647;
			files = (
			);
			runOnlyForDeploymentPostprocessing = 0;
		};
/* End PBXResourcesBuildPhase section */

/* Begin PBXSourcesBuildPhase section */
		5713075B1F90321D0027CE2A /* Sources */ = {
			isa = PBXSourcesBuildPhase;
			buildActionMask = 2147483647;
			files = (
				571307651F90321D0027CE2A /* GameVC.swift in Sources */,
				571307931F9034F90027CE2A /* Chessboard.swift in Sources */,
				572357261FD7924600D959E3 /* Settings.swift in Sources */,
				577E3A8A1FB6798400EA08B8 /* WelcomeVC.swift in Sources */,
				57C646641FCD106B00766805 /* SettingsVC.swift in Sources */,
				571307971F91898C0027CE2A /* ChessPiece.swift in Sources */,
				571307951F9182870027CE2A /* Square.swift in Sources */,
				572357291FD7A0D100D959E3 /* SettingHighlightCell.swift in Sources */,
				57F30A3F1FBBC2C7008463DA /* NotationVC.swift in Sources */,
				5713076B1F90321D0027CE2A /* Chess.xcdatamodeld in Sources */,
				578301A21FD8DE4E007F2BA1 /* SettingsBoardColorCell.swift in Sources */,
				57F30A431FBBCC8E008463DA /* NotationCell.swift in Sources */,
				571307631F90321D0027CE2A /* AppDelegate.swift in Sources */,
			);
			runOnlyForDeploymentPostprocessing = 0;
		};
		571307721F90321D0027CE2A /* Sources */ = {
			isa = PBXSourcesBuildPhase;
			buildActionMask = 2147483647;
			files = (
				5713077B1F90321D0027CE2A /* ChessTests.swift in Sources */,
			);
			runOnlyForDeploymentPostprocessing = 0;
		};
/* End PBXSourcesBuildPhase section */

/* Begin PBXTargetDependency section */
		571307781F90321D0027CE2A /* PBXTargetDependency */ = {
			isa = PBXTargetDependency;
			target = 5713075E1F90321D0027CE2A /* Chess */;
			targetProxy = 571307771F90321D0027CE2A /* PBXContainerItemProxy */;
		};
/* End PBXTargetDependency section */

/* Begin PBXVariantGroup section */
		571307661F90321D0027CE2A /* Main.storyboard */ = {
			isa = PBXVariantGroup;
			children = (
				571307671F90321D0027CE2A /* Base */,
			);
			name = Main.storyboard;
			sourceTree = "<group>";
		};
		5713076E1F90321D0027CE2A /* LaunchScreen.storyboard */ = {
			isa = PBXVariantGroup;
			children = (
				5713076F1F90321D0027CE2A /* Base */,
			);
			name = LaunchScreen.storyboard;
			sourceTree = "<group>";
		};
/* End PBXVariantGroup section */

/* Begin XCBuildConfiguration section */
		5713077D1F90321D0027CE2A /* Debug */ = {
			isa = XCBuildConfiguration;
			buildSettings = {
				ALWAYS_SEARCH_USER_PATHS = NO;
				CLANG_ANALYZER_NONNULL = YES;
				CLANG_ANALYZER_NUMBER_OBJECT_CONVERSION = YES_AGGRESSIVE;
				CLANG_CXX_LANGUAGE_STANDARD = "gnu++14";
				CLANG_CXX_LIBRARY = "libc++";
				CLANG_ENABLE_MODULES = YES;
				CLANG_ENABLE_OBJC_ARC = YES;
				CLANG_WARN_BLOCK_CAPTURE_AUTORELEASING = YES;
				CLANG_WARN_BOOL_CONVERSION = YES;
				CLANG_WARN_COMMA = YES;
				CLANG_WARN_CONSTANT_CONVERSION = YES;
				CLANG_WARN_DIRECT_OBJC_ISA_USAGE = YES_ERROR;
				CLANG_WARN_DOCUMENTATION_COMMENTS = YES;
				CLANG_WARN_EMPTY_BODY = YES;
				CLANG_WARN_ENUM_CONVERSION = YES;
				CLANG_WARN_INFINITE_RECURSION = YES;
				CLANG_WARN_INT_CONVERSION = YES;
				CLANG_WARN_NON_LITERAL_NULL_CONVERSION = YES;
				CLANG_WARN_OBJC_LITERAL_CONVERSION = YES;
				CLANG_WARN_OBJC_ROOT_CLASS = YES_ERROR;
				CLANG_WARN_RANGE_LOOP_ANALYSIS = YES;
				CLANG_WARN_STRICT_PROTOTYPES = YES;
				CLANG_WARN_SUSPICIOUS_MOVE = YES;
				CLANG_WARN_UNGUARDED_AVAILABILITY = YES_AGGRESSIVE;
				CLANG_WARN_UNREACHABLE_CODE = YES;
				CLANG_WARN__DUPLICATE_METHOD_MATCH = YES;
				CODE_SIGN_IDENTITY = "iPhone Developer";
				COPY_PHASE_STRIP = NO;
				DEBUG_INFORMATION_FORMAT = dwarf;
				ENABLE_STRICT_OBJC_MSGSEND = YES;
				ENABLE_TESTABILITY = YES;
				GCC_C_LANGUAGE_STANDARD = gnu11;
				GCC_DYNAMIC_NO_PIC = NO;
				GCC_NO_COMMON_BLOCKS = YES;
				GCC_OPTIMIZATION_LEVEL = 0;
				GCC_PREPROCESSOR_DEFINITIONS = (
					"DEBUG=1",
					"$(inherited)",
				);
				GCC_WARN_64_TO_32_BIT_CONVERSION = YES;
				GCC_WARN_ABOUT_RETURN_TYPE = YES_ERROR;
				GCC_WARN_UNDECLARED_SELECTOR = YES;
				GCC_WARN_UNINITIALIZED_AUTOS = YES_AGGRESSIVE;
				GCC_WARN_UNUSED_FUNCTION = YES;
				GCC_WARN_UNUSED_VARIABLE = YES;
				IPHONEOS_DEPLOYMENT_TARGET = 11.0;
				MTL_ENABLE_DEBUG_INFO = YES;
				ONLY_ACTIVE_ARCH = YES;
				SDKROOT = iphoneos;
				SWIFT_ACTIVE_COMPILATION_CONDITIONS = DEBUG;
				SWIFT_OPTIMIZATION_LEVEL = "-Onone";
			};
			name = Debug;
		};
		5713077E1F90321D0027CE2A /* Release */ = {
			isa = XCBuildConfiguration;
			buildSettings = {
				ALWAYS_SEARCH_USER_PATHS = NO;
				CLANG_ANALYZER_NONNULL = YES;
				CLANG_ANALYZER_NUMBER_OBJECT_CONVERSION = YES_AGGRESSIVE;
				CLANG_CXX_LANGUAGE_STANDARD = "gnu++14";
				CLANG_CXX_LIBRARY = "libc++";
				CLANG_ENABLE_MODULES = YES;
				CLANG_ENABLE_OBJC_ARC = YES;
				CLANG_WARN_BLOCK_CAPTURE_AUTORELEASING = YES;
				CLANG_WARN_BOOL_CONVERSION = YES;
				CLANG_WARN_COMMA = YES;
				CLANG_WARN_CONSTANT_CONVERSION = YES;
				CLANG_WARN_DIRECT_OBJC_ISA_USAGE = YES_ERROR;
				CLANG_WARN_DOCUMENTATION_COMMENTS = YES;
				CLANG_WARN_EMPTY_BODY = YES;
				CLANG_WARN_ENUM_CONVERSION = YES;
				CLANG_WARN_INFINITE_RECURSION = YES;
				CLANG_WARN_INT_CONVERSION = YES;
				CLANG_WARN_NON_LITERAL_NULL_CONVERSION = YES;
				CLANG_WARN_OBJC_LITERAL_CONVERSION = YES;
				CLANG_WARN_OBJC_ROOT_CLASS = YES_ERROR;
				CLANG_WARN_RANGE_LOOP_ANALYSIS = YES;
				CLANG_WARN_STRICT_PROTOTYPES = YES;
				CLANG_WARN_SUSPICIOUS_MOVE = YES;
				CLANG_WARN_UNGUARDED_AVAILABILITY = YES_AGGRESSIVE;
				CLANG_WARN_UNREACHABLE_CODE = YES;
				CLANG_WARN__DUPLICATE_METHOD_MATCH = YES;
				CODE_SIGN_IDENTITY = "iPhone Developer";
				COPY_PHASE_STRIP = NO;
				DEBUG_INFORMATION_FORMAT = "dwarf-with-dsym";
				ENABLE_NS_ASSERTIONS = NO;
				ENABLE_STRICT_OBJC_MSGSEND = YES;
				GCC_C_LANGUAGE_STANDARD = gnu11;
				GCC_NO_COMMON_BLOCKS = YES;
				GCC_WARN_64_TO_32_BIT_CONVERSION = YES;
				GCC_WARN_ABOUT_RETURN_TYPE = YES_ERROR;
				GCC_WARN_UNDECLARED_SELECTOR = YES;
				GCC_WARN_UNINITIALIZED_AUTOS = YES_AGGRESSIVE;
				GCC_WARN_UNUSED_FUNCTION = YES;
				GCC_WARN_UNUSED_VARIABLE = YES;
				IPHONEOS_DEPLOYMENT_TARGET = 11.0;
				MTL_ENABLE_DEBUG_INFO = NO;
				SDKROOT = iphoneos;
				SWIFT_OPTIMIZATION_LEVEL = "-Owholemodule";
				VALIDATE_PRODUCT = YES;
			};
			name = Release;
		};
		571307801F90321D0027CE2A /* Debug */ = {
			isa = XCBuildConfiguration;
			buildSettings = {
				ASSETCATALOG_COMPILER_APPICON_NAME = AppIcon;
				CODE_SIGN_STYLE = Automatic;
				DEVELOPMENT_TEAM = K679B9P6T4;
				INFOPLIST_FILE = Chess/Info.plist;
				LD_RUNPATH_SEARCH_PATHS = "$(inherited) @executable_path/Frameworks";
				PRODUCT_BUNDLE_IDENTIFIER = vDub.Chess;
				PRODUCT_NAME = "$(TARGET_NAME)";
				SWIFT_VERSION = 4.0;
				TARGETED_DEVICE_FAMILY = "1,2";
			};
			name = Debug;
		};
		571307811F90321D0027CE2A /* Release */ = {
			isa = XCBuildConfiguration;
			buildSettings = {
				ASSETCATALOG_COMPILER_APPICON_NAME = AppIcon;
				CODE_SIGN_STYLE = Automatic;
				DEVELOPMENT_TEAM = K679B9P6T4;
				INFOPLIST_FILE = Chess/Info.plist;
				LD_RUNPATH_SEARCH_PATHS = "$(inherited) @executable_path/Frameworks";
				PRODUCT_BUNDLE_IDENTIFIER = vDub.Chess;
				PRODUCT_NAME = "$(TARGET_NAME)";
				SWIFT_VERSION = 4.0;
				TARGETED_DEVICE_FAMILY = "1,2";
			};
			name = Release;
		};
		571307831F90321D0027CE2A /* Debug */ = {
			isa = XCBuildConfiguration;
			buildSettings = {
				ALWAYS_EMBED_SWIFT_STANDARD_LIBRARIES = YES;
				BUNDLE_LOADER = "$(TEST_HOST)";
				CODE_SIGN_STYLE = Automatic;
				DEVELOPMENT_TEAM = K679B9P6T4;
				INFOPLIST_FILE = ChessTests/Info.plist;
				LD_RUNPATH_SEARCH_PATHS = "$(inherited) @executable_path/Frameworks @loader_path/Frameworks";
				PRODUCT_BUNDLE_IDENTIFIER = vDub.ChessTests;
				PRODUCT_NAME = "$(TARGET_NAME)";
				SWIFT_VERSION = 4.0;
				TARGETED_DEVICE_FAMILY = "1,2";
				TEST_HOST = "$(BUILT_PRODUCTS_DIR)/Chess.app/Chess";
			};
			name = Debug;
		};
		571307841F90321D0027CE2A /* Release */ = {
			isa = XCBuildConfiguration;
			buildSettings = {
				ALWAYS_EMBED_SWIFT_STANDARD_LIBRARIES = YES;
				BUNDLE_LOADER = "$(TEST_HOST)";
				CODE_SIGN_STYLE = Automatic;
				DEVELOPMENT_TEAM = K679B9P6T4;
				INFOPLIST_FILE = ChessTests/Info.plist;
				LD_RUNPATH_SEARCH_PATHS = "$(inherited) @executable_path/Frameworks @loader_path/Frameworks";
				PRODUCT_BUNDLE_IDENTIFIER = vDub.ChessTests;
				PRODUCT_NAME = "$(TARGET_NAME)";
				SWIFT_VERSION = 4.0;
				TARGETED_DEVICE_FAMILY = "1,2";
				TEST_HOST = "$(BUILT_PRODUCTS_DIR)/Chess.app/Chess";
			};
			name = Release;
		};
/* End XCBuildConfiguration section */

/* Begin XCConfigurationList section */
		5713075A1F90321D0027CE2A /* Build configuration list for PBXProject "Chess" */ = {
			isa = XCConfigurationList;
			buildConfigurations = (
				5713077D1F90321D0027CE2A /* Debug */,
				5713077E1F90321D0027CE2A /* Release */,
			);
			defaultConfigurationIsVisible = 0;
			defaultConfigurationName = Release;
		};
		5713077F1F90321D0027CE2A /* Build configuration list for PBXNativeTarget "Chess" */ = {
			isa = XCConfigurationList;
			buildConfigurations = (
				571307801F90321D0027CE2A /* Debug */,
				571307811F90321D0027CE2A /* Release */,
			);
			defaultConfigurationIsVisible = 0;
			defaultConfigurationName = Release;
		};
		571307821F90321D0027CE2A /* Build configuration list for PBXNativeTarget "ChessTests" */ = {
			isa = XCConfigurationList;
			buildConfigurations = (
				571307831F90321D0027CE2A /* Debug */,
				571307841F90321D0027CE2A /* Release */,
			);
			defaultConfigurationIsVisible = 0;
			defaultConfigurationName = Release;
		};
/* End XCConfigurationList section */

/* Begin XCVersionGroup section */
		571307691F90321D0027CE2A /* Chess.xcdatamodeld */ = {
			isa = XCVersionGroup;
			children = (
				5713076A1F90321D0027CE2A /* Chess.xcdatamodel */,
			);
			currentVersion = 5713076A1F90321D0027CE2A /* Chess.xcdatamodel */;
			path = Chess.xcdatamodeld;
			sourceTree = "<group>";
			versionGroupType = wrapper.xcdatamodel;
		};
/* End XCVersionGroup section */
	};
	rootObject = 571307571F90321D0027CE2A /* Project object */;
}
